<?xml version="1.0" encoding="utf-8"?>
<Project ToolsVersion="4.0" xmlns="http://schemas.microsoft.com/developer/msbuild/2003">
  <ItemGroup>
    <Filter Include="Исходные файлы">
      <UniqueIdentifier>{4FC737F1-C7A5-4376-A066-2A32D752A2FF}</UniqueIdentifier>
      <Extensions>cpp;c;cc;cxx;c++;def;odl;idl;hpj;bat;asm;asmx</Extensions>
    </Filter>
    <Filter Include="Файлы заголовков">
      <UniqueIdentifier>{93995380-89BD-4b04-88EB-625FBE52EBFB}</UniqueIdentifier>
      <Extensions>h;hh;hpp;hxx;h++;hm;inl;inc;ipp;xsd</Extensions>
    </Filter>
    <Filter Include="Файлы ресурсов">
      <UniqueIdentifier>{67DA6AB6-F800-4c08-8B7A-83BB121AAD01}</UniqueIdentifier>
      <Extensions>rc;ico;cur;bmp;dlg;rc2;rct;bin;rgs;gif;jpg;jpeg;jpe;resx;tiff;tif;png;wav;mfcribbon-ms</Extensions>
    </Filter>
    <Filter Include="Файлы заголовков\Core">
      <UniqueIdentifier>{d7e61fdb-b566-434c-86d1-ad6e6b585f44}</UniqueIdentifier>
    </Filter>
    <Filter Include="Файлы заголовков\Engine">
      <UniqueIdentifier>{7fcee7c4-4569-4b71-bbc6-b00dce6fb2ba}</UniqueIdentifier>
    </Filter>
    <Filter Include="Файлы заголовков\Rendering">
      <UniqueIdentifier>{86e41ac2-361d-4a57-bba2-9b52cd79426f}</UniqueIdentifier>
    </Filter>
    <Filter Include="Файлы заголовков\Shaders">
      <UniqueIdentifier>{357aba10-ed41-4283-af21-48027129df6c}</UniqueIdentifier>
    </Filter>
    <Filter Include="Исходные файлы\Core">
      <UniqueIdentifier>{8e8b02d4-8e8f-4334-904d-1b008664c0da}</UniqueIdentifier>
    </Filter>
    <Filter Include="Исходные файлы\Engine">
      <UniqueIdentifier>{94b78493-4037-4d16-b8d1-fd57c9004191}</UniqueIdentifier>
    </Filter>
    <Filter Include="Исходные файлы\Shaders">
      <UniqueIdentifier>{3e1cb695-1aeb-410c-a58d-edbfc4f6c3a9}</UniqueIdentifier>
    </Filter>
    <Filter Include="Исходные файлы\Rendering">
      <UniqueIdentifier>{3988afca-0426-478d-bc4a-b36fe68f85b8}</UniqueIdentifier>
    </Filter>
    <Filter Include="Исходные файлы\Core\imgui">
      <UniqueIdentifier>{254f9e3d-e596-4b0c-ab44-51a8d5e8fff5}</UniqueIdentifier>
    </Filter>
    <Filter Include="Исходные файлы\Core\backends">
      <UniqueIdentifier>{35a10bc7-7e5e-448b-bde3-3284f6e1ac41}</UniqueIdentifier>
    </Filter>
    <Filter Include="Файлы заголовков\Core\imgui">
      <UniqueIdentifier>{69871a58-a653-4d18-abdb-c988f861748f}</UniqueIdentifier>
    </Filter>
    <Filter Include="Файлы заголовков\Core\backends">
      <UniqueIdentifier>{ec89dd8a-c023-4932-92a1-d8e8559e9775}</UniqueIdentifier>
    </Filter>
    <Filter Include="Файлы ресурсов\Data">
      <UniqueIdentifier>{fa2cbdf6-1fb9-451b-8d75-40d9aa7d9c7d}</UniqueIdentifier>
    </Filter>
    <Filter Include="Исходные файлы\Engine\Objects">
      <UniqueIdentifier>{c1fbe616-9fd7-4145-b2e7-8f7499506779}</UniqueIdentifier>
    </Filter>
    <Filter Include="Файлы заголовков\Engine\Objects">
      <UniqueIdentifier>{30b3f9e9-c923-4ec1-93db-12b6b8f1b543}</UniqueIdentifier>
    </Filter>
    <Filter Include="Файлы ресурсов\Data\Objects">
      <UniqueIdentifier>{6c967491-5756-481c-9bcb-d5fb37b35729}</UniqueIdentifier>
    </Filter>
  </ItemGroup>
  <ItemGroup>
    <ClCompile Include="GameEngine\backends\imgui_impl_dx11.cpp">
      <Filter>Исходные файлы\Core\backends</Filter>
    </ClCompile>
    <ClCompile Include="GameEngine\backends\imgui_impl_win32.cpp">
      <Filter>Исходные файлы\Core\backends</Filter>
    </ClCompile>
    <ClCompile Include="GameEngine\imgui\imgui_widgets.cpp">
      <Filter>Исходные файлы\Core\imgui</Filter>
    </ClCompile>
    <ClCompile Include="GameEngine\imgui\imgui.cpp">
      <Filter>Исходные файлы\Core\imgui</Filter>
    </ClCompile>
    <ClCompile Include="GameEngine\imgui\imgui_demo.cpp">
      <Filter>Исходные файлы\Core\imgui</Filter>
    </ClCompile>
    <ClCompile Include="GameEngine\imgui\imgui_draw.cpp">
      <Filter>Исходные файлы\Core\imgui</Filter>
    </ClCompile>
    <ClCompile Include="GameEngine\main.cpp">
      <Filter>Исходные файлы\Core</Filter>
    </ClCompile>
    <ClCompile Include="GameEngine\textureclass.cpp">
      <Filter>Исходные файлы\Rendering</Filter>
    </ClCompile>
    <ClCompile Include="GameEngine\lightclass.cpp">
      <Filter>Исходные файлы\Rendering</Filter>
    </ClCompile>
    <ClCompile Include="GameEngine\depthshaderclass.cpp">
      <Filter>Исходные файлы\Shaders</Filter>
    </ClCompile>
    <ClCompile Include="GameEngine\rendertextureclass.cpp">
      <Filter>Исходные файлы\Shaders</Filter>
    </ClCompile>
    <ClCompile Include="GameEngine\shadowshaderclass.cpp">
      <Filter>Исходные файлы\Shaders</Filter>
    </ClCompile>
    <ClCompile Include="GameEngine\graphicsclass.cpp">
      <Filter>Исходные файлы\Engine</Filter>
    </ClCompile>
    <ClCompile Include="GameEngine\modelclass.cpp">
      <Filter>Исходные файлы\Engine</Filter>
    </ClCompile>
    <ClCompile Include="GameEngine\Scene.cpp">
      <Filter>Исходные файлы\Engine</Filter>
    </ClCompile>
    <ClCompile Include="GameEngine\SimpleText.cpp">
      <Filter>Исходные файлы\Engine</Filter>
    </ClCompile>
    <ClCompile Include="GameEngine\cameraclass.cpp">
      <Filter>Исходные файлы\Engine</Filter>
    </ClCompile>
    <ClCompile Include="GameEngine\Gameobject.cpp">
      <Filter>Исходные файлы\Engine</Filter>
    </ClCompile>
    <ClCompile Include="GameEngine\Katamari.cpp">
      <Filter>Исходные файлы\Engine\Objects</Filter>
    </ClCompile>
    <ClCompile Include="GameEngine\Gameplane.cpp">
      <Filter>Исходные файлы\Engine\Objects</Filter>
    </ClCompile>
    <ClCompile Include="GameEngine\KataVictim.cpp">
      <Filter>Исходные файлы\Engine\Objects</Filter>
    </ClCompile>
  </ItemGroup>
  <ItemGroup>
    <ClInclude Include="GameEngine\backends\imgui_impl_dx11.h">
      <Filter>Файлы заголовков\Core\backends</Filter>
    </ClInclude>
    <ClInclude Include="GameEngine\backends\imgui_impl_win32.h">
      <Filter>Файлы заголовков\Core\backends</Filter>
    </ClInclude>
    <ClInclude Include="GameEngine\imgui\imstb_textedit.h">
      <Filter>Файлы заголовков\Core\imgui</Filter>
    </ClInclude>
    <ClInclude Include="GameEngine\imgui\imstb_truetype.h">
      <Filter>Файлы заголовков\Core\imgui</Filter>
    </ClInclude>
    <ClInclude Include="GameEngine\imgui\imconfig.h">
      <Filter>Файлы заголовков\Core\imgui</Filter>
    </ClInclude>
    <ClInclude Include="GameEngine\imgui\imgui.h">
      <Filter>Файлы заголовков\Core\imgui</Filter>
    </ClInclude>
    <ClInclude Include="GameEngine\imgui\imgui_internal.h">
      <Filter>Файлы заголовков\Core\imgui</Filter>
    </ClInclude>
    <ClInclude Include="GameEngine\imgui\imstb_rectpack.h">
      <Filter>Файлы заголовков\Core\imgui</Filter>
    </ClInclude>
    <ClInclude Include="GameEngine\textureclass.h">
      <Filter>Файлы заголовков\Shaders</Filter>
    </ClInclude>
    <ClInclude Include="GameEngine\lightclass.h">
      <Filter>Файлы заголовков\Shaders</Filter>
    </ClInclude>
    <ClInclude Include="GameEngine\depthshaderclass.h">
      <Filter>Файлы заголовков\Rendering</Filter>
    </ClInclude>
    <ClInclude Include="GameEngine\rendertextureclass.h">
      <Filter>Файлы заголовков\Rendering</Filter>
    </ClInclude>
    <ClInclude Include="GameEngine\shadowshaderclass.h">
      <Filter>Файлы заголовков\Rendering</Filter>
    </ClInclude>
    <ClInclude Include="GameEngine\SimpleText.h">
      <Filter>Файлы заголовков\Engine</Filter>
    </ClInclude>
    <ClInclude Include="GameEngine\cameraclass.h">
      <Filter>Файлы заголовков\Engine</Filter>
    </ClInclude>
    <ClInclude Include="GameEngine\Gameobject.h">
      <Filter>Файлы заголовков\Engine</Filter>
    </ClInclude>
    <ClInclude Include="GameEngine\graphicsclass.h">
      <Filter>Файлы заголовков\Engine</Filter>
    </ClInclude>
    <ClInclude Include="GameEngine\modelclass.h">
      <Filter>Файлы заголовков\Engine</Filter>
    </ClInclude>
    <ClInclude Include="GameEngine\Scene.h">
      <Filter>Файлы заголовков\Engine</Filter>
    </ClInclude>
    <ClInclude Include="GameEngine\Katamari.h">
      <Filter>Файлы заголовков\Engine\Objects</Filter>
    </ClInclude>
    <ClInclude Include="GameEngine\Gameplane.h">
      <Filter>Файлы заголовков\Engine\Objects</Filter>
    </ClInclude>
    <ClInclude Include="GameEngine\KataVictim.h">
      <Filter>Файлы заголовков\Engine\Objects</Filter>
    </ClInclude>
  </ItemGroup>
  <ItemGroup>
    <Natvis Include="GameEngine\misc\natvis\imgui.natvis">
      <Filter>Файлы ресурсов</Filter>
    </Natvis>
  </ItemGroup>
  <ItemGroup>
    <None Include="packages.config" />
    <None Include="GameEngine\calc.py">
      <Filter>Исходные файлы\Core</Filter>
    </None>
  </ItemGroup>
  <ItemGroup>
    <FxCompile Include="GameEngine\Data\depth.ps">
      <Filter>Файлы ресурсов\Data</Filter>
    </FxCompile>
    <FxCompile Include="GameEngine\Data\depth.vs">
      <Filter>Файлы ресурсов\Data</Filter>
    </FxCompile>
    <FxCompile Include="GameEngine\Data\shadow.ps">
      <Filter>Файлы ресурсов\Data</Filter>
    </FxCompile>
    <FxCompile Include="GameEngine\Data\shadow.vs">
      <Filter>Файлы ресурсов\Data</Filter>
    </FxCompile>
  </ItemGroup>
  <ItemGroup>
    <Image Include="GameEngine\Data\Objects\earth.tga">
      <Filter>Файлы ресурсов\Data\Objects</Filter>
    </Image>
    <Image Include="GameEngine\Data\Objects\brick.tga">
      <Filter>Файлы ресурсов\Data\Objects</Filter>
    </Image>
    <Image Include="GameEngine\Data\Objects\moonmap.tga">
      <Filter>Файлы ресурсов\Data\Objects</Filter>
    </Image>
  </ItemGroup>
</Project>